
Microsoft Visual Studio Solution File, Format Version 12.00
# Visual Studio Version 17
VisualStudioVersion = 17.0.31903.59
MinimumVisualStudioVersion = 10.0.40219.1
Project("{FAE04EC0-301F-11D3-BF4B-00C04F79EFBC}") = "PorslineClone.Domain", "PorslineClone.Domain\PorslineClone.Domain.csproj", "{DEA3625B-C0BB-4DC6-85DA-26E9D676782F}"
EndProject
Project("{FAE04EC0-301F-11D3-BF4B-00C04F79EFBC}") = "PorslineClone.Application", "PorslineClone.Application\PorslineClone.Application.csproj", "{1A0215D3-385E-4D2D-ADAA-8E430346DE0D}"
EndProject
Project("{FAE04EC0-301F-11D3-BF4B-00C04F79EFBC}") = "PorslineClone.Infrastructure", "PorslineClone.Infrastructure\PorslineClone.Infrastructure.csproj", "{7212CB2C-D059-4229-AE23-D5EC76526C9A}"
EndProject
Project("{FAE04EC0-301F-11D3-BF4B-00C04F79EFBC}") = "PorslineClone.Api", "PorslineClone.Api\PorslineClone.Api.csproj", "{71A48D33-84BD-4912-B329-7DF9B922DB7C}"
EndProject
Global
	GlobalSection(SolutionConfigurationPlatforms) = preSolution
		Debug|Any CPU = Debug|Any CPU
		Debug|x64 = Debug|x64
		Debug|x86 = Debug|x86
		Release|Any CPU = Release|Any CPU
		Release|x64 = Release|x64
		Release|x86 = Release|x86
	EndGlobalSection
	GlobalSection(ProjectConfigurationPlatforms) = postSolution
		{DEA3625B-C0BB-4DC6-85DA-26E9D676782F}.Debug|Any CPU.ActiveCfg = Debug|Any CPU
		{DEA3625B-C0BB-4DC6-85DA-26E9D676782F}.Debug|Any CPU.Build.0 = Debug|Any CPU
		{DEA3625B-C0BB-4DC6-85DA-26E9D676782F}.Debug|x64.ActiveCfg = Debug|Any CPU
		{DEA3625B-C0BB-4DC6-85DA-26E9D676782F}.Debug|x64.Build.0 = Debug|Any CPU
		{DEA3625B-C0BB-4DC6-85DA-26E9D676782F}.Debug|x86.ActiveCfg = Debug|Any CPU
		{DEA3625B-C0BB-4DC6-85DA-26E9D676782F}.Debug|x86.Build.0 = Debug|Any CPU
		{DEA3625B-C0BB-4DC6-85DA-26E9D676782F}.Release|Any CPU.ActiveCfg = Release|Any CPU
		{DEA3625B-C0BB-4DC6-85DA-26E9D676782F}.Release|Any CPU.Build.0 = Release|Any CPU
		{DEA3625B-C0BB-4DC6-85DA-26E9D676782F}.Release|x64.ActiveCfg = Release|Any CPU
		{DEA3625B-C0BB-4DC6-85DA-26E9D676782F}.Release|x64.Build.0 = Release|Any CPU
		{DEA3625B-C0BB-4DC6-85DA-26E9D676782F}.Release|x86.ActiveCfg = Release|Any CPU
		{DEA3625B-C0BB-4DC6-85DA-26E9D676782F}.Release|x86.Build.0 = Release|Any CPU
		{1A0215D3-385E-4D2D-ADAA-8E430346DE0D}.Debug|Any CPU.ActiveCfg = Debug|Any CPU
		{1A0215D3-385E-4D2D-ADAA-8E430346DE0D}.Debug|Any CPU.Build.0 = Debug|Any CPU
		{1A0215D3-385E-4D2D-ADAA-8E430346DE0D}.Debug|x64.ActiveCfg = Debug|Any CPU
		{1A0215D3-385E-4D2D-ADAA-8E430346DE0D}.Debug|x64.Build.0 = Debug|Any CPU
		{1A0215D3-385E-4D2D-ADAA-8E430346DE0D}.Debug|x86.ActiveCfg = Debug|Any CPU
		{1A0215D3-385E-4D2D-ADAA-8E430346DE0D}.Debug|x86.Build.0 = Debug|Any CPU
		{1A0215D3-385E-4D2D-ADAA-8E430346DE0D}.Release|Any CPU.ActiveCfg = Release|Any CPU
		{1A0215D3-385E-4D2D-ADAA-8E430346DE0D}.Release|Any CPU.Build.0 = Release|Any CPU
		{1A0215D3-385E-4D2D-ADAA-8E430346DE0D}.Release|x64.ActiveCfg = Release|Any CPU
		{1A0215D3-385E-4D2D-ADAA-8E430346DE0D}.Release|x64.Build.0 = Release|Any CPU
		{1A0215D3-385E-4D2D-ADAA-8E430346DE0D}.Release|x86.ActiveCfg = Release|Any CPU
		{1A0215D3-385E-4D2D-ADAA-8E430346DE0D}.Release|x86.Build.0 = Release|Any CPU
		{7212CB2C-D059-4229-AE23-D5EC76526C9A}.Debug|Any CPU.ActiveCfg = Debug|Any CPU
		{7212CB2C-D059-4229-AE23-D5EC76526C9A}.Debug|Any CPU.Build.0 = Debug|Any CPU
		{7212CB2C-D059-4229-AE23-D5EC76526C9A}.Debug|x64.ActiveCfg = Debug|Any CPU
		{7212CB2C-D059-4229-AE23-D5EC76526C9A}.Debug|x64.Build.0 = Debug|Any CPU
		{7212CB2C-D059-4229-AE23-D5EC76526C9A}.Debug|x86.ActiveCfg = Debug|Any CPU
		{7212CB2C-D059-4229-AE23-D5EC76526C9A}.Debug|x86.Build.0 = Debug|Any CPU
		{7212CB2C-D059-4229-AE23-D5EC76526C9A}.Release|Any CPU.ActiveCfg = Release|Any CPU
		{7212CB2C-D059-4229-AE23-D5EC76526C9A}.Release|Any CPU.Build.0 = Release|Any CPU
		{7212CB2C-D059-4229-AE23-D5EC76526C9A}.Release|x64.ActiveCfg = Release|Any CPU
		{7212CB2C-D059-4229-AE23-D5EC76526C9A}.Release|x64.Build.0 = Release|Any CPU
		{7212CB2C-D059-4229-AE23-D5EC76526C9A}.Release|x86.ActiveCfg = Release|Any CPU
		{7212CB2C-D059-4229-AE23-D5EC76526C9A}.Release|x86.Build.0 = Release|Any CPU
		{71A48D33-84BD-4912-B329-7DF9B922DB7C}.Debug|Any CPU.ActiveCfg = Debug|Any CPU
		{71A48D33-84BD-4912-B329-7DF9B922DB7C}.Debug|Any CPU.Build.0 = Debug|Any CPU
		{71A48D33-84BD-4912-B329-7DF9B922DB7C}.Debug|x64.ActiveCfg = Debug|Any CPU
		{71A48D33-84BD-4912-B329-7DF9B922DB7C}.Debug|x64.Build.0 = Debug|Any CPU
		{71A48D33-84BD-4912-B329-7DF9B922DB7C}.Debug|x86.ActiveCfg = Debug|Any CPU
		{71A48D33-84BD-4912-B329-7DF9B922DB7C}.Debug|x86.Build.0 = Debug|Any CPU
		{71A48D33-84BD-4912-B329-7DF9B922DB7C}.Release|Any CPU.ActiveCfg = Release|Any CPU
		{71A48D33-84BD-4912-B329-7DF9B922DB7C}.Release|Any CPU.Build.0 = Release|Any CPU
		{71A48D33-84BD-4912-B329-7DF9B922DB7C}.Release|x64.ActiveCfg = Release|Any CPU
		{71A48D33-84BD-4912-B329-7DF9B922DB7C}.Release|x64.Build.0 = Release|Any CPU
		{71A48D33-84BD-4912-B329-7DF9B922DB7C}.Release|x86.ActiveCfg = Release|Any CPU
		{71A48D33-84BD-4912-B329-7DF9B922DB7C}.Release|x86.Build.0 = Release|Any CPU
	EndGlobalSection
	GlobalSection(SolutionProperties) = preSolution
		HideSolutionNode = FALSE
	EndGlobalSection
EndGlobal
